// !$*UTF8*$!
{
	archiveVersion = 1;
	classes = {
	};
	objectVersion = 50;
	objects = {

/* Begin PBXBuildFile section */
		CB29F61B2193E19A00A345BB /* AppDelegate.swift in Sources */ = {isa = PBXBuildFile; fileRef = CB29F61A2193E19A00A345BB /* AppDelegate.swift */; };
		CB29F61D2193E19A00A345BB /* ViewController.swift in Sources */ = {isa = PBXBuildFile; fileRef = CB29F61C2193E19A00A345BB /* ViewController.swift */; };
		CB29F6202193E19A00A345BB /* Main.storyboard in Resources */ = {isa = PBXBuildFile; fileRef = CB29F61E2193E19A00A345BB /* Main.storyboard */; };
		CB29F6232193E19A00A345BB /* TestDelegation.xcdatamodeld in Sources */ = {isa = PBXBuildFile; fileRef = CB29F6212193E19A00A345BB /* TestDelegation.xcdatamodeld */; };
		CB29F6252193E19C00A345BB /* Assets.xcassets in Resources */ = {isa = PBXBuildFile; fileRef = CB29F6242193E19C00A345BB /* Assets.xcassets */; };
		CB29F6282193E19C00A345BB /* LaunchScreen.storyboard in Resources */ = {isa = PBXBuildFile; fileRef = CB29F6262193E19C00A345BB /* LaunchScreen.storyboard */; };
		CB29F6302193E36B00A345BB /* ViewControler2.swift in Sources */ = {isa = PBXBuildFile; fileRef = CB29F62F2193E36B00A345BB /* ViewControler2.swift */; };
/* End PBXBuildFile section */

/* Begin PBXFileReference section */
		CB29F6172193E19A00A345BB /* TestDelegation.app */ = {isa = PBXFileReference; explicitFileType = wrapper.application; includeInIndex = 0; path = TestDelegation.app; sourceTree = BUILT_PRODUCTS_DIR; };
		CB29F61A2193E19A00A345BB /* AppDelegate.swift */ = {isa = PBXFileReference; lastKnownFileType = sourcecode.swift; path = AppDelegate.swift; sourceTree = "<group>"; };
		CB29F61C2193E19A00A345BB /* ViewController.swift */ = {isa = PBXFileReference; lastKnownFileType = sourcecode.swift; path = ViewController.swift; sourceTree = "<group>"; };
		CB29F61F2193E19A00A345BB /* Base */ = {isa = PBXFileReference; lastKnownFileType = file.storyboard; name = Base; path = Base.lproj/Main.storyboard; sourceTree = "<group>"; };
		CB29F6222193E19A00A345BB /* TestDelegation.xcdatamodel */ = {isa = PBXFileReference; lastKnownFileType = wrapper.xcdatamodel; path = TestDelegation.xcdatamodel; sourceTree = "<group>"; };
		CB29F6242193E19C00A345BB /* Assets.xcassets */ = {isa = PBXFileReference; lastKnownFileType = folder.assetcatalog; path = Assets.xcassets; sourceTree = "<group>"; };
		CB29F6272193E19C00A345BB /* Base */ = {isa = PBXFileReference; lastKnownFileType = file.storyboard; name = Base; path = Base.lproj/LaunchScreen.storyboard; sourceTree = "<group>"; };
		CB29F6292193E19C00A345BB /* Info.plist */ = {isa = PBXFileReference; lastKnownFileType = text.plist.xml; path = Info.plist; sourceTree = "<group>"; };
		CB29F62F2193E36B00A345BB /* ViewControler2.swift */ = {isa = PBXFileReference; lastKnownFileType = sourcecode.swift; path = ViewControler2.swift; sourceTree = "<group>"; };
/* End PBXFileReference section */

/* Begin PBXFrameworksBuildPhase section */
		CB29F6142193E19A00A345BB /* Frameworks */ = {
			isa = PBXFrameworksBuildPhase;
			buildActionMask = 2147483647;
			files = (
			);
			runOnlyForDeploymentPostprocessing = 0;
		};
/* End PBXFrameworksBuildPhase section */

/* Begin PBXGroup section */
		CB29F60E2193E19A00A345BB = {
			isa = PBXGroup;
			children = (
				CB29F6192193E19A00A345BB /* TestDelegation */,
				CB29F6182193E19A00A345BB /* Products */,
			);
			sourceTree = "<group>";
		};
		CB29F6182193E19A00A345BB /* Products */ = {
			isa = PBXGroup;
			children = (
				CB29F6172193E19A00A345BB /* TestDelegation.app */,
			);
			name = Products;
			sourceTree = "<group>";
		};
		CB29F6192193E19A00A345BB /* TestDelegation */ = {
			isa = PBXGroup;
			children = (
				CB29F61A2193E19A00A345BB /* AppDelegate.swift */,
				CB29F61C2193E19A00A345BB /* ViewController.swift */,
				CB29F61E2193E19A00A345BB /* Main.storyboard */,
				CB29F6242193E19C00A345BB /* Assets.xcassets */,
				CB29F6262193E19C00A345BB /* LaunchScreen.storyboard */,
				CB29F6292193E19C00A345BB /* Info.plist */,
				CB29F6212193E19A00A345BB /* TestDelegation.xcdatamodeld */,
				CB29F62F2193E36B00A345BB /* ViewControler2.swift */,
			);
			path = TestDelegation;
			sourceTree = "<group>";
		};
/* End PBXGroup section */

/* Begin PBXNativeTarget section */
		CB29F6162193E19A00A345BB /* TestDelegation */ = {
			isa = PBXNativeTarget;
			buildConfigurationList = CB29F62C2193E19C00A345BB /* Build configuration list for PBXNativeTarget "TestDelegation" */;
			buildPhases = (
				CB29F6132193E19A00A345BB /* Sources */,
				CB29F6142193E19A00A345BB /* Frameworks */,
				CB29F6152193E19A00A345BB /* Resources */,
			);
			buildRules = (
			);
			dependencies = (
			);
			name = TestDelegation;
			productName = TestDelegation;
			productReference = CB29F6172193E19A00A345BB /* TestDelegation.app */;
			productType = "com.apple.product-type.application";
		};
/* End PBXNativeTarget section */

/* Begin PBXProject section */
		CB29F60F2193E19A00A345BB /* Project object */ = {
			isa = PBXProject;
			attributes = {
				LastSwiftUpdateCheck = 1010;
				LastUpgradeCheck = 1010;
				ORGANIZATIONNAME = vattanac;
				TargetAttributes = {
					CB29F6162193E19A00A345BB = {
						CreatedOnToolsVersion = 10.1;
					};
				};
			};
			buildConfigurationList = CB29F6122193E19A00A345BB /* Build configuration list for PBXProject "TestDelegation" */;
			compatibilityVersion = "Xcode 9.3";
			developmentRegion = en;
			hasScannedForEncodings = 0;
			knownRegions = (
				en,
				Base,
			);
			mainGroup = CB29F60E2193E19A00A345BB;
			productRefGroup = CB29F6182193E19A00A345BB /* Products */;
			projectDirPath = "";
			projectRoot = "";
			targets = (
				CB29F6162193E19A00A345BB /* TestDelegation */,
			);
		};
/* End PBXProject section */

/* Begin PBXResourcesBuildPhase section */
		CB29F6152193E19A00A345BB /* Resources */ = {
			isa = PBXResourcesBuildPhase;
			buildActionMask = 2147483647;
			files = (
				CB29F6282193E19C00A345BB /* LaunchScreen.storyboard in Resources */,
				CB29F6252193E19C00A345BB /* Assets.xcassets in Resources */,
				CB29F6202193E19A00A345BB /* Main.storyboard in Resources */,
			);
			runOnlyForDeploymentPostprocessing = 0;
		};
/* End PBXResourcesBuildPhase section */

/* Begin PBXSourcesBuildPhase section */
		CB29F6132193E19A00A345BB /* Sources */ = {
			isa = PBXSourcesBuildPhase;
			buildActionMask = 2147483647;
			files = (
				CB29F6302193E36B00A345BB /* ViewControler2.swift in Sources */,
				CB29F61D2193E19A00A345BB /* ViewController.swift in Sources */,
				CB29F6232193E19A00A345BB /* TestDelegation.xcdatamodeld in Sources */,
				CB29F61B2193E19A00A345BB /* AppDelegate.swift in Sources */,
			);
			runOnlyForDeploymentPostprocessing = 0;
		};
/* End PBXSourcesBuildPhase section */

/* Begin PBXVariantGroup section */
		CB29F61E2193E19A00A345BB /* Main.storyboard */ = {
			isa = PBXVariantGroup;
			children = (
				CB29F61F2193E19A00A345BB /* Base */,
			);
			name = Main.storyboard;
			sourceTree = "<group>";
		};
		CB29F6262193E19C00A345BB /* LaunchScreen.storyboard */ = {
			isa = PBXVariantGroup;
			children = (
				CB29F6272193E19C00A345BB /* Base */,
			);
			name = LaunchScreen.storyboard;
			sourceTree = "<group>";
		};
/* End PBXVariantGroup section */

/* Begin XCBuildConfiguration section */
		CB29F62A2193E19C00A345BB /* Debug */ = {
			isa = XCBuildConfiguration;
			buildSettings = {
				ALWAYS_SEARCH_USER_PATHS = NO;
				CLANG_ANALYZER_NONNULL = YES;
				CLANG_ANALYZER_NUMBER_OBJECT_CONVERSION = YES_AGGRESSIVE;
				CLANG_CXX_LANGUAGE_STANDARD = "gnu++14";
				CLANG_CXX_LIBRARY = "libc++";
				CLANG_ENABLE_MODULES = YES;
				CLANG_ENABLE_OBJC_ARC = YES;
				CLANG_ENABLE_OBJC_WEAK = YES;
				CLANG_WARN_BLOCK_CAPTURE_AUTORELEASING = YES;
				CLANG_WARN_BOOL_CONVERSION = YES;
				CLANG_WARN_COMMA = YES;
				CLANG_WARN_CONSTANT_CONVERSION = YES;
				CLANG_WARN_DEPRECATED_OBJC_IMPLEMENTATIONS = YES;
				CLANG_WARN_DIRECT_OBJC_ISA_USAGE = YES_ERROR;
				CLANG_WARN_DOCUMENTATION_COMMENTS = YES;
				CLANG_WARN_EMPTY_BODY = YES;
				CLANG_WARN_ENUM_CONVERSION = YES;
				CLANG_WARN_INFINITE_RECURSION = YES;
				CLANG_WARN_INT_CONVERSION = YES;
				CLANG_WARN_NON_LITERAL_NULL_CONVERSION = YES;
				CLANG_WARN_OBJC_IMPLICIT_RETAIN_SELF = YES;
				CLANG_WARN_OBJC_LITERAL_CONVERSION = YES;
				CLANG_WARN_OBJC_ROOT_CLASS = YES_ERROR;
				CLANG_WARN_RANGE_LOOP_ANALYSIS = YES;
				CLANG_WARN_STRICT_PROTOTYPES = YES;
				CLANG_WARN_SUSPICIOUS_MOVE = YES;
				CLANG_WARN_UNGUARDED_AVAILABILITY = YES_AGGRESSIVE;
				CLANG_WARN_UNREACHABLE_CODE = YES;
				CLANG_WARN__DUPLICATE_METHOD_MATCH = YES;
				CODE_SIGN_IDENTITY = "iPhone Developer";
				COPY_PHASE_STRIP = NO;
				DEBUG_INFORMATION_FORMAT = dwarf;
				ENABLE_STRICT_OBJC_MSGSEND = YES;
				ENABLE_TESTABILITY = YES;
				GCC_C_LANGUAGE_STANDARD = gnu11;
				GCC_DYNAMIC_NO_PIC = NO;
				GCC_NO_COMMON_BLOCKS = YES;
				GCC_OPTIMIZATION_LEVEL = 0;
				GCC_PREPROCESSOR_DEFINITIONS = (
					"DEBUG=1",
					"$(inherited)",
				);
				GCC_WARN_64_TO_32_BIT_CONVERSION = YES;
				GCC_WARN_ABOUT_RETURN_TYPE = YES_ERROR;
				GCC_WARN_UNDECLARED_SELECTOR = YES;
				GCC_WARN_UNINITIALIZED_AUTOS = YES_AGGRESSIVE;
				GCC_WARN_UNUSED_FUNCTION = YES;
				GCC_WARN_UNUSED_VARIABLE = YES;
				IPHONEOS_DEPLOYMENT_TARGET = 12.1;
				MTL_ENABLE_DEBUG_INFO = INCLUDE_SOURCE;
				MTL_FAST_MATH = YES;
				ONLY_ACTIVE_ARCH = YES;
				SDKROOT = iphoneos;
				SWIFT_ACTIVE_COMPILATION_CONDITIONS = DEBUG;
				SWIFT_OPTIMIZATION_LEVEL = "-Onone";
			};
			name = Debug;
		};
		CB29F62B2193E19C00A345BB /* Release */ = {
			isa = XCBuildConfiguration;
			buildSettings = {
				ALWAYS_SEARCH_USER_PATHS = NO;
				CLANG_ANALYZER_NONNULL = YES;
				CLANG_ANALYZER_NUMBER_OBJECT_CONVERSION = YES_AGGRESSIVE;
				CLANG_CXX_LANGUAGE_STANDARD = "gnu++14";
				CLANG_CXX_LIBRARY = "libc++";
				CLANG_ENABLE_MODULES = YES;
				CLANG_ENABLE_OBJC_ARC = YES;
				CLANG_ENABLE_OBJC_WEAK = YES;
				CLANG_WARN_BLOCK_CAPTURE_AUTORELEASING = YES;
				CLANG_WARN_BOOL_CONVERSION = YES;
				CLANG_WARN_COMMA = YES;
				CLANG_WARN_CONSTANT_CONVERSION = YES;
				CLANG_WARN_DEPRECATED_OBJC_IMPLEMENTATIONS = YES;
				CLANG_WARN_DIRECT_OBJC_ISA_USAGE = YES_ERROR;
				CLANG_WARN_DOCUMENTATION_COMMENTS = YES;
				CLANG_WARN_EMPTY_BODY = YES;
				CLANG_WARN_ENUM_CONVERSION = YES;
				CLANG_WARN_INFINITE_RECURSION = YES;
				CLANG_WARN_INT_CONVERSION = YES;
				CLANG_WARN_NON_LITERAL_NULL_CONVERSION = YES;
				CLANG_WARN_OBJC_IMPLICIT_RETAIN_SELF = YES;
				CLANG_WARN_OBJC_LITERAL_CONVERSION = YES;
				CLANG_WARN_OBJC_ROOT_CLASS = YES_ERROR;
				CLANG_WARN_RANGE_LOOP_ANALYSIS = YES;
				CLANG_WARN_STRICT_PROTOTYPES = YES;
				CLANG_WARN_SUSPICIOUS_MOVE = YES;
				CLANG_WARN_UNGUARDED_AVAILABILITY = YES_AGGRESSIVE;
				CLANG_WARN_UNREACHABLE_CODE = YES;
				CLANG_WARN__DUPLICATE_METHOD_MATCH = YES;
				CODE_SIGN_IDENTITY = "iPhone Developer";
				COPY_PHASE_STRIP = NO;
				DEBUG_INFORMATION_FORMAT = "dwarf-with-dsym";
				ENABLE_NS_ASSERTIONS = NO;
				ENABLE_STRICT_OBJC_MSGSEND = YES;
				GCC_C_LANGUAGE_STANDARD = gnu11;
				GCC_NO_COMMON_BLOCKS = YES;
				GCC_WARN_64_TO_32_BIT_CONVERSION = YES;
				GCC_WARN_ABOUT_RETURN_TYPE = YES_ERROR;
				GCC_WARN_UNDECLARED_SELECTOR = YES;
				GCC_WARN_UNINITIALIZED_AUTOS = YES_AGGRESSIVE;
				GCC_WARN_UNUSED_FUNCTION = YES;
				GCC_WARN_UNUSED_VARIABLE = YES;
				IPHONEOS_DEPLOYMENT_TARGET = 12.1;
				MTL_ENABLE_DEBUG_INFO = NO;
				MTL_FAST_MATH = YES;
				SDKROOT = iphoneos;
				SWIFT_COMPILATION_MODE = wholemodule;
				SWIFT_OPTIMIZATION_LEVEL = "-O";
				VALIDATE_PRODUCT = YES;
			};
			name = Release;
		};
		CB29F62D2193E19C00A345BB /* Debug */ = {
			isa = XCBuildConfiguration;
			buildSettings = {
				ASSETCATALOG_COMPILER_APPICON_NAME = AppIcon;
				CODE_SIGN_STYLE = Automatic;
				DEVELOPMENT_TEAM = SLX43TCA7R;
				INFOPLIST_FILE = TestDelegation/Info.plist;
				LD_RUNPATH_SEARCH_PATHS = (
					"$(inherited)",
					"@executable_path/Frameworks",
				);
				PRODUCT_BUNDLE_IDENTIFIER = com.vatttanac.TestDelegation;
				PRODUCT_NAME = "$(TARGET_NAME)";
				SWIFT_VERSION = 4.2;
				TARGETED_DEVICE_FAMILY = "1,2";
			};
			name = Debug;
		};
		CB29F62E2193E19C00A345BB /* Release */ = {
			isa = XCBuildConfiguration;
			buildSettings = {
				ASSETCATALOG_COMPILER_APPICON_NAME = AppIcon;
				CODE_SIGN_STYLE = Automatic;
				DEVELOPMENT_TEAM = SLX43TCA7R;
				INFOPLIST_FILE = TestDelegation/Info.plist;
				LD_RUNPATH_SEARCH_PATHS = (
					"$(inherited)",
					"@executable_path/Frameworks",
				);
				PRODUCT_BUNDLE_IDENTIFIER = com.vatttanac.TestDelegation;
				PRODUCT_NAME = "$(TARGET_NAME)";
				SWIFT_VERSION = 4.2;
				TARGETED_DEVICE_FAMILY = "1,2";
			};
			name = Release;
		};
/* End XCBuildConfiguration section */

/* Begin XCConfigurationList section */
		CB29F6122193E19A00A345BB /* Build configuration list for PBXProject "TestDelegation" */ = {
			isa = XCConfigurationList;
			buildConfigurations = (
				CB29F62A2193E19C00A345BB /* Debug */,
				CB29F62B2193E19C00A345BB /* Release */,
			);
			defaultConfigurationIsVisible = 0;
			defaultConfigurationName = Release;
		};
		CB29F62C2193E19C00A345BB /* Build configuration list for PBXNativeTarget "TestDelegation" */ = {
			isa = XCConfigurationList;
			buildConfigurations = (
				CB29F62D2193E19C00A345BB /* Debug */,
				CB29F62E2193E19C00A345BB /* Release */,
			);
			defaultConfigurationIsVisible = 0;
			defaultConfigurationName = Release;
		};
/* End XCConfigurationList section */

/* Begin XCVersionGroup section */
		CB29F6212193E19A00A345BB /* TestDelegation.xcdatamodeld */ = {
			isa = XCVersionGroup;
			children = (
				CB29F6222193E19A00A345BB /* TestDelegation.xcdatamodel */,
			);
			currentVersion = CB29F6222193E19A00A345BB /* TestDelegation.xcdatamodel */;
			path = TestDelegation.xcdatamodeld;
			sourceTree = "<group>";
			versionGroupType = wrapper.xcdatamodel;
		};
/* End XCVersionGroup section */
	};
	rootObject = CB29F60F2193E19A00A345BB /* Project object */;
}
